# This file is automatically @generated by Cargo.
# It is not intended for manual editing.
version = 4

[[package]]
name = "memchr"
version = "2.8.3"
source = "registry+https://github.com/rust-lang/crates.io-index"
checksum = "cf8baf1c55e62ffcace7a9f06f4bd9cd3f0c4beb022d3b367256b91b87513d98"

[[package]]
name = "ra-ap-rustc_lexer"
version = "0.174.0"
source = "registry+https://github.com/rust-lang/crates.io-index"
checksum = "4e3150be7e79139b0f085e886dd71b0bb9cd6b35da0a61fca1042ac400b1687e"
dependencies = [
 "memchr",
 "unicode-ident",
 "unicode-properties",
]

[[package]]
name = "rust-lexer"
version = "0.0.0"
dependencies = [
 "ra-ap-rustc_lexer",
]

[[package]]
name = "unicode-ident"
version = "1.0.24"
source = "registry+https://github.com/rust-lang/crates.io-index"
checksum = "e6e4313cd5fcd3dad5cafa179702e2b244f760991f45397d14d4ebf38247da75"

[[package]]
name = "unicode-properties"
version = "0.1.4"
source = "registry+https://github.com/rust-lang/crates.io-index"
checksum = "7df058c713841ad818f1dc5d3fd88063241cc61f49f5fbea4b951e8cf5a8d71d"
